
Microsoft Visual Studio Solution File, Format Version 12.00
# Visual Studio Version 16
VisualStudioVersion = 16.0.810.17
MinimumVisualStudioVersion = 10.0.40219.1
Project("{FAE04EC0-301F-11D3-BF4B-00C04F79EFBC}") = "WaterProject", "WaterProject\WaterProject.csproj", "{5622B04C-29A0-4780-B4BE-3673D560461C}"
EndProject
Global
	GlobalSection(SolutionConfigurationPlatforms) = preSolution
		Debug|Any CPU = Debug|Any CPU
		Release|Any CPU = Release|Any CPU
	EndGlobalSection
	GlobalSection(ProjectConfigurationPlatforms) = postSolution
		{5622B04C-29A0-4780-B4BE-3673D560461C}.Debug|Any CPU.ActiveCfg = Debug|Any CPU
		{5622B04C-29A0-4780-B4BE-3673D560461C}.Debug|Any CPU.Build.0 = Debug|Any CPU
		{5622B04C-29A0-4780-B4BE-3673D560461C}.Release|Any CPU.ActiveCfg = Release|Any CPU
		{5622B04C-29A0-4780-B4BE-3673D560461C}.Release|Any CPU.Build.0 = Release|Any CPU
	EndGlobalSection
	GlobalSection(SolutionProperties) = preSolution
		HideSolutionNode = FALSE
	EndGlobalSection
	GlobalSection(ExtensibilityGlobals) = postSolution
		SolutionGuid = {E550B5F9-E4E0-4BCC-9098-939032B04E9F}
	EndGlobalSection
EndGlobal
